// !$*UTF8*$!
{
	archiveVersion = 1;
	classes = {
	};
	objectVersion = 48;
	objects = {

/* Begin PBXBuildFile section */
		D01F721E2175461900AB0EE8 /* AppDelegate.swift in Sources */ = {isa = PBXBuildFile; fileRef = D01F721D2175461900AB0EE8 /* AppDelegate.swift */; };
		D01F72232175461900AB0EE8 /* Main.storyboard in Resources */ = {isa = PBXBuildFile; fileRef = D01F72212175461900AB0EE8 /* Main.storyboard */; };
		D01F72252175461B00AB0EE8 /* Assets.xcassets in Resources */ = {isa = PBXBuildFile; fileRef = D01F72242175461B00AB0EE8 /* Assets.xcassets */; };
		D01F72282175461B00AB0EE8 /* LaunchScreen.storyboard in Resources */ = {isa = PBXBuildFile; fileRef = D01F72262175461B00AB0EE8 /* LaunchScreen.storyboard */; };
		D01F72302175465100AB0EE8 /* ProductList.swift in Sources */ = {isa = PBXBuildFile; fileRef = D01F722F2175465100AB0EE8 /* ProductList.swift */; };
		D01F7232217546C100AB0EE8 /* ProductDetail.swift in Sources */ = {isa = PBXBuildFile; fileRef = D01F7231217546C100AB0EE8 /* ProductDetail.swift */; };
		D01F72342175470100AB0EE8 /* ProductScene.swift in Sources */ = {isa = PBXBuildFile; fileRef = D01F72332175470100AB0EE8 /* ProductScene.swift */; };
		D01F72362175478E00AB0EE8 /* ProductAdd.swift in Sources */ = {isa = PBXBuildFile; fileRef = D01F72352175478E00AB0EE8 /* ProductAdd.swift */; };
		D01F72382176606900AB0EE8 /* DataModelClasses.swift in Sources */ = {isa = PBXBuildFile; fileRef = D01F72372176606900AB0EE8 /* DataModelClasses.swift */; };
		D01F723C217676BC00AB0EE8 /* DataModelManager.swift in Sources */ = {isa = PBXBuildFile; fileRef = D01F723B217676BC00AB0EE8 /* DataModelManager.swift */; };
		D01F72482178E99E00AB0EE8 /* ProductEdit.swift in Sources */ = {isa = PBXBuildFile; fileRef = D01F72472178E99E00AB0EE8 /* ProductEdit.swift */; };
		D01F724A2178E9BF00AB0EE8 /* ProductAddEdit.swift in Sources */ = {isa = PBXBuildFile; fileRef = D01F72492178E9BF00AB0EE8 /* ProductAddEdit.swift */; };
		D04BDB182184E0040042D6EE /* TasksCommonGeneral.swift in Sources */ = {isa = PBXBuildFile; fileRef = D04BDB172184E0040042D6EE /* TasksCommonGeneral.swift */; };
		D04BDB1A2184E0560042D6EE /* TasksCommonScene.swift in Sources */ = {isa = PBXBuildFile; fileRef = D04BDB192184E0560042D6EE /* TasksCommonScene.swift */; };
		D04BDB1C2184E0A90042D6EE /* TasksCommonList.swift in Sources */ = {isa = PBXBuildFile; fileRef = D04BDB1B2184E0A90042D6EE /* TasksCommonList.swift */; };
		D084CC8B2187B64A00F25BF4 /* ProductListBase.swift in Sources */ = {isa = PBXBuildFile; fileRef = D084CC892187B64A00F25BF4 /* ProductListBase.swift */; };
		D084CC8C2187B64A00F25BF4 /* ProductSceneNext.swift in Sources */ = {isa = PBXBuildFile; fileRef = D084CC8A2187B64A00F25BF4 /* ProductSceneNext.swift */; };
		D084CC902187B96200F25BF4 /* ProductSceneBase.swift in Sources */ = {isa = PBXBuildFile; fileRef = D084CC8F2187B96200F25BF4 /* ProductSceneBase.swift */; };
/* End PBXBuildFile section */

/* Begin PBXFileReference section */
		D01F721A2175461900AB0EE8 /* Recipes.app */ = {isa = PBXFileReference; explicitFileType = wrapper.application; includeInIndex = 0; path = Recipes.app; sourceTree = BUILT_PRODUCTS_DIR; };
		D01F721D2175461900AB0EE8 /* AppDelegate.swift */ = {isa = PBXFileReference; lastKnownFileType = sourcecode.swift; path = AppDelegate.swift; sourceTree = "<group>"; };
		D01F72222175461900AB0EE8 /* Base */ = {isa = PBXFileReference; lastKnownFileType = file.storyboard; name = Base; path = Base.lproj/Main.storyboard; sourceTree = "<group>"; };
		D01F72242175461B00AB0EE8 /* Assets.xcassets */ = {isa = PBXFileReference; lastKnownFileType = folder.assetcatalog; path = Assets.xcassets; sourceTree = "<group>"; };
		D01F72272175461B00AB0EE8 /* Base */ = {isa = PBXFileReference; lastKnownFileType = file.storyboard; name = Base; path = Base.lproj/LaunchScreen.storyboard; sourceTree = "<group>"; };
		D01F72292175461B00AB0EE8 /* Info.plist */ = {isa = PBXFileReference; lastKnownFileType = text.plist.xml; path = Info.plist; sourceTree = "<group>"; };
		D01F722F2175465100AB0EE8 /* ProductList.swift */ = {isa = PBXFileReference; lastKnownFileType = sourcecode.swift; path = ProductList.swift; sourceTree = "<group>"; };
		D01F7231217546C100AB0EE8 /* ProductDetail.swift */ = {isa = PBXFileReference; lastKnownFileType = sourcecode.swift; path = ProductDetail.swift; sourceTree = "<group>"; };
		D01F72332175470100AB0EE8 /* ProductScene.swift */ = {isa = PBXFileReference; lastKnownFileType = sourcecode.swift; path = ProductScene.swift; sourceTree = "<group>"; };
		D01F72352175478E00AB0EE8 /* ProductAdd.swift */ = {isa = PBXFileReference; lastKnownFileType = sourcecode.swift; path = ProductAdd.swift; sourceTree = "<group>"; };
		D01F72372176606900AB0EE8 /* DataModelClasses.swift */ = {isa = PBXFileReference; lastKnownFileType = sourcecode.swift; path = DataModelClasses.swift; sourceTree = "<group>"; };
		D01F723B217676BC00AB0EE8 /* DataModelManager.swift */ = {isa = PBXFileReference; lastKnownFileType = sourcecode.swift; path = DataModelManager.swift; sourceTree = "<group>"; };
		D01F72472178E99E00AB0EE8 /* ProductEdit.swift */ = {isa = PBXFileReference; lastKnownFileType = sourcecode.swift; path = ProductEdit.swift; sourceTree = "<group>"; };
		D01F72492178E9BF00AB0EE8 /* ProductAddEdit.swift */ = {isa = PBXFileReference; lastKnownFileType = sourcecode.swift; path = ProductAddEdit.swift; sourceTree = "<group>"; };
		D04BDB172184E0040042D6EE /* TasksCommonGeneral.swift */ = {isa = PBXFileReference; lastKnownFileType = sourcecode.swift; path = TasksCommonGeneral.swift; sourceTree = "<group>"; };
		D04BDB192184E0560042D6EE /* TasksCommonScene.swift */ = {isa = PBXFileReference; lastKnownFileType = sourcecode.swift; path = TasksCommonScene.swift; sourceTree = "<group>"; };
		D04BDB1B2184E0A90042D6EE /* TasksCommonList.swift */ = {isa = PBXFileReference; lastKnownFileType = sourcecode.swift; path = TasksCommonList.swift; sourceTree = "<group>"; };
		D084CC892187B64A00F25BF4 /* ProductListBase.swift */ = {isa = PBXFileReference; fileEncoding = 4; lastKnownFileType = sourcecode.swift; path = ProductListBase.swift; sourceTree = "<group>"; };
		D084CC8A2187B64A00F25BF4 /* ProductSceneNext.swift */ = {isa = PBXFileReference; fileEncoding = 4; lastKnownFileType = sourcecode.swift; path = ProductSceneNext.swift; sourceTree = "<group>"; };
		D084CC8F2187B96200F25BF4 /* ProductSceneBase.swift */ = {isa = PBXFileReference; fileEncoding = 4; lastKnownFileType = sourcecode.swift; path = ProductSceneBase.swift; sourceTree = "<group>"; };
/* End PBXFileReference section */

/* Begin PBXFrameworksBuildPhase section */
		D01F72172175461900AB0EE8 /* Frameworks */ = {
			isa = PBXFrameworksBuildPhase;
			buildActionMask = 2147483647;
			files = (
			);
			runOnlyForDeploymentPostprocessing = 0;
		};
/* End PBXFrameworksBuildPhase section */

/* Begin PBXGroup section */
		D01F72112175461900AB0EE8 = {
			isa = PBXGroup;
			children = (
				D01F721C2175461900AB0EE8 /* Recipes */,
				D01F721B2175461900AB0EE8 /* Products */,
			);
			sourceTree = "<group>";
		};
		D01F721B2175461900AB0EE8 /* Products */ = {
			isa = PBXGroup;
			children = (
				D01F721A2175461900AB0EE8 /* Recipes.app */,
			);
			name = Products;
			sourceTree = "<group>";
		};
		D01F721C2175461900AB0EE8 /* Recipes */ = {
			isa = PBXGroup;
			children = (
				D01F72262175461B00AB0EE8 /* LaunchScreen.storyboard */,
				D01F72212175461900AB0EE8 /* Main.storyboard */,
				D01F72292175461B00AB0EE8 /* Info.plist */,
				D01F72242175461B00AB0EE8 /* Assets.xcassets */,
				D01F721D2175461900AB0EE8 /* AppDelegate.swift */,
				D01F72372176606900AB0EE8 /* DataModelClasses.swift */,
				D01F723B217676BC00AB0EE8 /* DataModelManager.swift */,
				D084CC892187B64A00F25BF4 /* ProductListBase.swift */,
				D01F722F2175465100AB0EE8 /* ProductList.swift */,
				D084CC8F2187B96200F25BF4 /* ProductSceneBase.swift */,
				D01F72332175470100AB0EE8 /* ProductScene.swift */,
				D084CC8A2187B64A00F25BF4 /* ProductSceneNext.swift */,
				D01F7231217546C100AB0EE8 /* ProductDetail.swift */,
				D01F72352175478E00AB0EE8 /* ProductAdd.swift */,
				D01F72472178E99E00AB0EE8 /* ProductEdit.swift */,
				D01F72492178E9BF00AB0EE8 /* ProductAddEdit.swift */,
				D04BDB172184E0040042D6EE /* TasksCommonGeneral.swift */,
				D04BDB192184E0560042D6EE /* TasksCommonScene.swift */,
				D04BDB1B2184E0A90042D6EE /* TasksCommonList.swift */,
			);
			path = Recipes;
			sourceTree = "<group>";
		};
/* End PBXGroup section */

/* Begin PBXNativeTarget section */
		D01F72192175461900AB0EE8 /* Recipes */ = {
			isa = PBXNativeTarget;
			buildConfigurationList = D01F722C2175461B00AB0EE8 /* Build configuration list for PBXNativeTarget "Recipes" */;
			buildPhases = (
				D01F72162175461900AB0EE8 /* Sources */,
				D01F72172175461900AB0EE8 /* Frameworks */,
				D01F72182175461900AB0EE8 /* Resources */,
			);
			buildRules = (
			);
			dependencies = (
			);
			name = Recipes;
			productName = Recipes;
			productReference = D01F721A2175461900AB0EE8 /* Recipes.app */;
			productType = "com.apple.product-type.application";
		};
/* End PBXNativeTarget section */

/* Begin PBXProject section */
		D01F72122175461900AB0EE8 /* Project object */ = {
			isa = PBXProject;
			attributes = {
				LastSwiftUpdateCheck = 1000;
				LastUpgradeCheck = 1000;
				ORGANIZATIONNAME = SICT;
				TargetAttributes = {
					D01F72192175461900AB0EE8 = {
						CreatedOnToolsVersion = 10.0;
						ProvisioningStyle = Automatic;
					};
				};
			};
			buildConfigurationList = D01F72152175461900AB0EE8 /* Build configuration list for PBXProject "Recipes" */;
			compatibilityVersion = "Xcode 8.0";
			developmentRegion = en;
			hasScannedForEncodings = 0;
			knownRegions = (
				en,
				Base,
			);
			mainGroup = D01F72112175461900AB0EE8;
			productRefGroup = D01F721B2175461900AB0EE8 /* Products */;
			projectDirPath = "";
			projectRoot = "";
			targets = (
				D01F72192175461900AB0EE8 /* Recipes */,
			);
		};
/* End PBXProject section */

/* Begin PBXResourcesBuildPhase section */
		D01F72182175461900AB0EE8 /* Resources */ = {
			isa = PBXResourcesBuildPhase;
			buildActionMask = 2147483647;
			files = (
				D01F72282175461B00AB0EE8 /* LaunchScreen.storyboard in Resources */,
				D01F72252175461B00AB0EE8 /* Assets.xcassets in Resources */,
				D01F72232175461900AB0EE8 /* Main.storyboard in Resources */,
			);
			runOnlyForDeploymentPostprocessing = 0;
		};
/* End PBXResourcesBuildPhase section */

/* Begin PBXSourcesBuildPhase section */
		D01F72162175461900AB0EE8 /* Sources */ = {
			isa = PBXSourcesBuildPhase;
			buildActionMask = 2147483647;
			files = (
				D01F72342175470100AB0EE8 /* ProductScene.swift in Sources */,
				D084CC8C2187B64A00F25BF4 /* ProductSceneNext.swift in Sources */,
				D01F72382176606900AB0EE8 /* DataModelClasses.swift in Sources */,
				D01F721E2175461900AB0EE8 /* AppDelegate.swift in Sources */,
				D084CC902187B96200F25BF4 /* ProductSceneBase.swift in Sources */,
				D04BDB1A2184E0560042D6EE /* TasksCommonScene.swift in Sources */,
				D01F72362175478E00AB0EE8 /* ProductAdd.swift in Sources */,
				D01F72482178E99E00AB0EE8 /* ProductEdit.swift in Sources */,
				D01F724A2178E9BF00AB0EE8 /* ProductAddEdit.swift in Sources */,
				D04BDB182184E0040042D6EE /* TasksCommonGeneral.swift in Sources */,
				D01F72302175465100AB0EE8 /* ProductList.swift in Sources */,
				D084CC8B2187B64A00F25BF4 /* ProductListBase.swift in Sources */,
				D01F7232217546C100AB0EE8 /* ProductDetail.swift in Sources */,
				D01F723C217676BC00AB0EE8 /* DataModelManager.swift in Sources */,
				D04BDB1C2184E0A90042D6EE /* TasksCommonList.swift in Sources */,
			);
			runOnlyForDeploymentPostprocessing = 0;
		};
/* End PBXSourcesBuildPhase section */

/* Begin PBXVariantGroup section */
		D01F72212175461900AB0EE8 /* Main.storyboard */ = {
			isa = PBXVariantGroup;
			children = (
				D01F72222175461900AB0EE8 /* Base */,
			);
			name = Main.storyboard;
			sourceTree = "<group>";
		};
		D01F72262175461B00AB0EE8 /* LaunchScreen.storyboard */ = {
			isa = PBXVariantGroup;
			children = (
				D01F72272175461B00AB0EE8 /* Base */,
			);
			name = LaunchScreen.storyboard;
			sourceTree = "<group>";
		};
/* End PBXVariantGroup section */

/* Begin XCBuildConfiguration section */
		D01F722A2175461B00AB0EE8 /* Debug */ = {
			isa = XCBuildConfiguration;
			buildSettings = {
				ALWAYS_SEARCH_USER_PATHS = NO;
				CLANG_ANALYZER_NONNULL = YES;
				CLANG_ANALYZER_NUMBER_OBJECT_CONVERSION = YES_AGGRESSIVE;
				CLANG_CXX_LANGUAGE_STANDARD = "gnu++14";
				CLANG_CXX_LIBRARY = "libc++";
				CLANG_ENABLE_MODULES = YES;
				CLANG_ENABLE_OBJC_ARC = YES;
				CLANG_ENABLE_OBJC_WEAK = YES;
				CLANG_WARN_BLOCK_CAPTURE_AUTORELEASING = YES;
				CLANG_WARN_BOOL_CONVERSION = YES;
				CLANG_WARN_COMMA = YES;
				CLANG_WARN_CONSTANT_CONVERSION = YES;
				CLANG_WARN_DEPRECATED_OBJC_IMPLEMENTATIONS = YES;
				CLANG_WARN_DIRECT_OBJC_ISA_USAGE = YES_ERROR;
				CLANG_WARN_DOCUMENTATION_COMMENTS = YES;
				CLANG_WARN_EMPTY_BODY = YES;
				CLANG_WARN_ENUM_CONVERSION = YES;
				CLANG_WARN_INFINITE_RECURSION = YES;
				CLANG_WARN_INT_CONVERSION = YES;
				CLANG_WARN_NON_LITERAL_NULL_CONVERSION = YES;
				CLANG_WARN_OBJC_IMPLICIT_RETAIN_SELF = YES;
				CLANG_WARN_OBJC_LITERAL_CONVERSION = YES;
				CLANG_WARN_OBJC_ROOT_CLASS = YES_ERROR;
				CLANG_WARN_RANGE_LOOP_ANALYSIS = YES;
				CLANG_WARN_STRICT_PROTOTYPES = YES;
				CLANG_WARN_SUSPICIOUS_MOVE = YES;
				CLANG_WARN_UNGUARDED_AVAILABILITY = YES_AGGRESSIVE;
				CLANG_WARN_UNREACHABLE_CODE = YES;
				CLANG_WARN__DUPLICATE_METHOD_MATCH = YES;
				CODE_SIGN_IDENTITY = "iPhone Developer";
				COPY_PHASE_STRIP = NO;
				DEBUG_INFORMATION_FORMAT = dwarf;
				ENABLE_STRICT_OBJC_MSGSEND = YES;
				ENABLE_TESTABILITY = YES;
				GCC_C_LANGUAGE_STANDARD = gnu11;
				GCC_DYNAMIC_NO_PIC = NO;
				GCC_NO_COMMON_BLOCKS = YES;
				GCC_OPTIMIZATION_LEVEL = 0;
				GCC_PREPROCESSOR_DEFINITIONS = (
					"DEBUG=1",
					"$(inherited)",
				);
				GCC_WARN_64_TO_32_BIT_CONVERSION = YES;
				GCC_WARN_ABOUT_RETURN_TYPE = YES_ERROR;
				GCC_WARN_UNDECLARED_SELECTOR = YES;
				GCC_WARN_UNINITIALIZED_AUTOS = YES_AGGRESSIVE;
				GCC_WARN_UNUSED_FUNCTION = YES;
				GCC_WARN_UNUSED_VARIABLE = YES;
				IPHONEOS_DEPLOYMENT_TARGET = 11.0;
				MTL_ENABLE_DEBUG_INFO = INCLUDE_SOURCE;
				MTL_FAST_MATH = YES;
				ONLY_ACTIVE_ARCH = YES;
				SDKROOT = iphoneos;
				SWIFT_ACTIVE_COMPILATION_CONDITIONS = DEBUG;
				SWIFT_OPTIMIZATION_LEVEL = "-Onone";
			};
			name = Debug;
		};
		D01F722B2175461B00AB0EE8 /* Release */ = {
			isa = XCBuildConfiguration;
			buildSettings = {
				ALWAYS_SEARCH_USER_PATHS = NO;
				CLANG_ANALYZER_NONNULL = YES;
				CLANG_ANALYZER_NUMBER_OBJECT_CONVERSION = YES_AGGRESSIVE;
				CLANG_CXX_LANGUAGE_STANDARD = "gnu++14";
				CLANG_CXX_LIBRARY = "libc++";
				CLANG_ENABLE_MODULES = YES;
				CLANG_ENABLE_OBJC_ARC = YES;
				CLANG_ENABLE_OBJC_WEAK = YES;
				CLANG_WARN_BLOCK_CAPTURE_AUTORELEASING = YES;
				CLANG_WARN_BOOL_CONVERSION = YES;
				CLANG_WARN_COMMA = YES;
				CLANG_WARN_CONSTANT_CONVERSION = YES;
				CLANG_WARN_DEPRECATED_OBJC_IMPLEMENTATIONS = YES;
				CLANG_WARN_DIRECT_OBJC_ISA_USAGE = YES_ERROR;
				CLANG_WARN_DOCUMENTATION_COMMENTS = YES;
				CLANG_WARN_EMPTY_BODY = YES;
				CLANG_WARN_ENUM_CONVERSION = YES;
				CLANG_WARN_INFINITE_RECURSION = YES;
				CLANG_WARN_INT_CONVERSION = YES;
				CLANG_WARN_NON_LITERAL_NULL_CONVERSION = YES;
				CLANG_WARN_OBJC_IMPLICIT_RETAIN_SELF = YES;
				CLANG_WARN_OBJC_LITERAL_CONVERSION = YES;
				CLANG_WARN_OBJC_ROOT_CLASS = YES_ERROR;
				CLANG_WARN_RANGE_LOOP_ANALYSIS = YES;
				CLANG_WARN_STRICT_PROTOTYPES = YES;
				CLANG_WARN_SUSPICIOUS_MOVE = YES;
				CLANG_WARN_UNGUARDED_AVAILABILITY = YES_AGGRESSIVE;
				CLANG_WARN_UNREACHABLE_CODE = YES;
				CLANG_WARN__DUPLICATE_METHOD_MATCH = YES;
				CODE_SIGN_IDENTITY = "iPhone Developer";
				COPY_PHASE_STRIP = NO;
				DEBUG_INFORMATION_FORMAT = "dwarf-with-dsym";
				ENABLE_NS_ASSERTIONS = NO;
				ENABLE_STRICT_OBJC_MSGSEND = YES;
				GCC_C_LANGUAGE_STANDARD = gnu11;
				GCC_NO_COMMON_BLOCKS = YES;
				GCC_WARN_64_TO_32_BIT_CONVERSION = YES;
				GCC_WARN_ABOUT_RETURN_TYPE = YES_ERROR;
				GCC_WARN_UNDECLARED_SELECTOR = YES;
				GCC_WARN_UNINITIALIZED_AUTOS = YES_AGGRESSIVE;
				GCC_WARN_UNUSED_FUNCTION = YES;
				GCC_WARN_UNUSED_VARIABLE = YES;
				IPHONEOS_DEPLOYMENT_TARGET = 11.0;
				MTL_ENABLE_DEBUG_INFO = NO;
				MTL_FAST_MATH = YES;
				SDKROOT = iphoneos;
				SWIFT_OPTIMIZATION_LEVEL = "-Owholemodule";
				VALIDATE_PRODUCT = YES;
			};
			name = Release;
		};
		D01F722D2175461B00AB0EE8 /* Debug */ = {
			isa = XCBuildConfiguration;
			buildSettings = {
				ASSETCATALOG_COMPILER_APPICON_NAME = AppIcon;
				CODE_SIGN_STYLE = Automatic;
				INFOPLIST_FILE = Recipes/Info.plist;
				LD_RUNPATH_SEARCH_PATHS = "$(inherited) @executable_path/Frameworks";
				PRODUCT_BUNDLE_IDENTIFIER = ca.sict.Recipes;
				PRODUCT_NAME = "$(TARGET_NAME)";
				SWIFT_VERSION = 4.2;
				TARGETED_DEVICE_FAMILY = "1,2";
			};
			name = Debug;
		};
		D01F722E2175461B00AB0EE8 /* Release */ = {
			isa = XCBuildConfiguration;
			buildSettings = {
				ASSETCATALOG_COMPILER_APPICON_NAME = AppIcon;
				CODE_SIGN_STYLE = Automatic;
				INFOPLIST_FILE = Recipes/Info.plist;
				LD_RUNPATH_SEARCH_PATHS = "$(inherited) @executable_path/Frameworks";
				PRODUCT_BUNDLE_IDENTIFIER = ca.sict.Recipes;
				PRODUCT_NAME = "$(TARGET_NAME)";
				SWIFT_VERSION = 4.2;
				TARGETED_DEVICE_FAMILY = "1,2";
			};
			name = Release;
		};
/* End XCBuildConfiguration section */

/* Begin XCConfigurationList section */
		D01F72152175461900AB0EE8 /* Build configuration list for PBXProject "Recipes" */ = {
			isa = XCConfigurationList;
			buildConfigurations = (
				D01F722A2175461B00AB0EE8 /* Debug */,
				D01F722B2175461B00AB0EE8 /* Release */,
			);
			defaultConfigurationIsVisible = 0;
			defaultConfigurationName = Release;
		};
		D01F722C2175461B00AB0EE8 /* Build configuration list for PBXNativeTarget "Recipes" */ = {
			isa = XCConfigurationList;
			buildConfigurations = (
				D01F722D2175461B00AB0EE8 /* Debug */,
				D01F722E2175461B00AB0EE8 /* Release */,
			);
			defaultConfigurationIsVisible = 0;
			defaultConfigurationName = Release;
		};
/* End XCConfigurationList section */
	};
	rootObject = D01F72122175461900AB0EE8 /* Project object */;
}
