// !$*UTF8*$!
{
	archiveVersion = 1;
	classes = {
	};
	objectVersion = 50;
	objects = {

/* Begin PBXBuildFile section */
		D03BE618233E290200880E1A /* AppDelegate.swift in Sources */ = {isa = PBXBuildFile; fileRef = D03BE617233E290200880E1A /* AppDelegate.swift */; };
		D03BE61A233E290200880E1A /* First.swift in Sources */ = {isa = PBXBuildFile; fileRef = D03BE619233E290200880E1A /* First.swift */; };
		D03BE61D233E290200880E1A /* Main.storyboard in Resources */ = {isa = PBXBuildFile; fileRef = D03BE61B233E290200880E1A /* Main.storyboard */; };
		D03BE61F233E290300880E1A /* Assets.xcassets in Resources */ = {isa = PBXBuildFile; fileRef = D03BE61E233E290300880E1A /* Assets.xcassets */; };
		D03BE622233E290300880E1A /* LaunchScreen.storyboard in Resources */ = {isa = PBXBuildFile; fileRef = D03BE620233E290300880E1A /* LaunchScreen.storyboard */; };
		D03BE62B233E2CD800880E1A /* Next.swift in Sources */ = {isa = PBXBuildFile; fileRef = D03BE62A233E2CD800880E1A /* Next.swift */; };
		D03BE62D233E2CE400880E1A /* Last.swift in Sources */ = {isa = PBXBuildFile; fileRef = D03BE62C233E2CE400880E1A /* Last.swift */; };
		D0FDE5E2233E58F1006AA893 /* DataModelClasses.swift in Sources */ = {isa = PBXBuildFile; fileRef = D0FDE5E1233E58F1006AA893 /* DataModelClasses.swift */; };
		D0FDE5E4233E591A006AA893 /* DataModelManager.swift in Sources */ = {isa = PBXBuildFile; fileRef = D0FDE5E3233E591A006AA893 /* DataModelManager.swift */; };
/* End PBXBuildFile section */

/* Begin PBXFileReference section */
		D03BE614233E290200880E1A /* W04a2DataModelIntro.app */ = {isa = PBXFileReference; explicitFileType = wrapper.application; includeInIndex = 0; path = W04a2DataModelIntro.app; sourceTree = BUILT_PRODUCTS_DIR; };
		D03BE617233E290200880E1A /* AppDelegate.swift */ = {isa = PBXFileReference; lastKnownFileType = sourcecode.swift; path = AppDelegate.swift; sourceTree = "<group>"; };
		D03BE619233E290200880E1A /* First.swift */ = {isa = PBXFileReference; lastKnownFileType = sourcecode.swift; path = First.swift; sourceTree = "<group>"; };
		D03BE61C233E290200880E1A /* Base */ = {isa = PBXFileReference; lastKnownFileType = file.storyboard; name = Base; path = Base.lproj/Main.storyboard; sourceTree = "<group>"; };
		D03BE61E233E290300880E1A /* Assets.xcassets */ = {isa = PBXFileReference; lastKnownFileType = folder.assetcatalog; path = Assets.xcassets; sourceTree = "<group>"; };
		D03BE621233E290300880E1A /* Base */ = {isa = PBXFileReference; lastKnownFileType = file.storyboard; name = Base; path = Base.lproj/LaunchScreen.storyboard; sourceTree = "<group>"; };
		D03BE623233E290300880E1A /* Info.plist */ = {isa = PBXFileReference; lastKnownFileType = text.plist.xml; path = Info.plist; sourceTree = "<group>"; };
		D03BE629233E2A9200880E1A /* README.md */ = {isa = PBXFileReference; lastKnownFileType = net.daringfireball.markdown; path = README.md; sourceTree = "<group>"; };
		D03BE62A233E2CD800880E1A /* Next.swift */ = {isa = PBXFileReference; lastKnownFileType = sourcecode.swift; path = Next.swift; sourceTree = "<group>"; };
		D03BE62C233E2CE400880E1A /* Last.swift */ = {isa = PBXFileReference; lastKnownFileType = sourcecode.swift; path = Last.swift; sourceTree = "<group>"; };
		D0FDE5E1233E58F1006AA893 /* DataModelClasses.swift */ = {isa = PBXFileReference; lastKnownFileType = sourcecode.swift; path = DataModelClasses.swift; sourceTree = "<group>"; };
		D0FDE5E3233E591A006AA893 /* DataModelManager.swift */ = {isa = PBXFileReference; lastKnownFileType = sourcecode.swift; path = DataModelManager.swift; sourceTree = "<group>"; };
/* End PBXFileReference section */

/* Begin PBXFrameworksBuildPhase section */
		D03BE611233E290200880E1A /* Frameworks */ = {
			isa = PBXFrameworksBuildPhase;
			buildActionMask = 2147483647;
			files = (
			);
			runOnlyForDeploymentPostprocessing = 0;
		};
/* End PBXFrameworksBuildPhase section */

/* Begin PBXGroup section */
		D03BE60B233E290200880E1A = {
			isa = PBXGroup;
			children = (
				D03BE629233E2A9200880E1A /* README.md */,
				D03BE62E233E4DE500880E1A /* W04a2DataModelIntro */,
				D03BE615233E290200880E1A /* Products */,
			);
			sourceTree = "<group>";
		};
		D03BE615233E290200880E1A /* Products */ = {
			isa = PBXGroup;
			children = (
				D03BE614233E290200880E1A /* W04a2DataModelIntro.app */,
			);
			name = Products;
			sourceTree = "<group>";
		};
		D03BE62E233E4DE500880E1A /* W04a2DataModelIntro */ = {
			isa = PBXGroup;
			children = (
				D03BE617233E290200880E1A /* AppDelegate.swift */,
				D03BE61B233E290200880E1A /* Main.storyboard */,
				D03BE61E233E290300880E1A /* Assets.xcassets */,
				D03BE620233E290300880E1A /* LaunchScreen.storyboard */,
				D03BE623233E290300880E1A /* Info.plist */,
				D03BE619233E290200880E1A /* First.swift */,
				D03BE62A233E2CD800880E1A /* Next.swift */,
				D03BE62C233E2CE400880E1A /* Last.swift */,
				D0FDE5E1233E58F1006AA893 /* DataModelClasses.swift */,
				D0FDE5E3233E591A006AA893 /* DataModelManager.swift */,
			);
			path = W04a2DataModelIntro;
			sourceTree = "<group>";
		};
/* End PBXGroup section */

/* Begin PBXNativeTarget section */
		D03BE613233E290200880E1A /* W04a2DataModelIntro */ = {
			isa = PBXNativeTarget;
			buildConfigurationList = D03BE626233E290300880E1A /* Build configuration list for PBXNativeTarget "W04a2DataModelIntro" */;
			buildPhases = (
				D03BE610233E290200880E1A /* Sources */,
				D03BE611233E290200880E1A /* Frameworks */,
				D03BE612233E290200880E1A /* Resources */,
			);
			buildRules = (
			);
			dependencies = (
			);
			name = W04a2DataModelIntro;
			productName = W04a1NavIntro;
			productReference = D03BE614233E290200880E1A /* W04a2DataModelIntro.app */;
			productType = "com.apple.product-type.application";
		};
/* End PBXNativeTarget section */

/* Begin PBXProject section */
		D03BE60C233E290200880E1A /* Project object */ = {
			isa = PBXProject;
			attributes = {
				LastSwiftUpdateCheck = 1030;
				LastUpgradeCheck = 1030;
				ORGANIZATIONNAME = SICT;
				TargetAttributes = {
					D03BE613233E290200880E1A = {
						CreatedOnToolsVersion = 10.3;
					};
				};
			};
			buildConfigurationList = D03BE60F233E290200880E1A /* Build configuration list for PBXProject "W04a2DataModelIntro" */;
			compatibilityVersion = "Xcode 9.3";
			developmentRegion = en;
			hasScannedForEncodings = 0;
			knownRegions = (
				en,
				Base,
			);
			mainGroup = D03BE60B233E290200880E1A;
			productRefGroup = D03BE615233E290200880E1A /* Products */;
			projectDirPath = "";
			projectRoot = "";
			targets = (
				D03BE613233E290200880E1A /* W04a2DataModelIntro */,
			);
		};
/* End PBXProject section */

/* Begin PBXResourcesBuildPhase section */
		D03BE612233E290200880E1A /* Resources */ = {
			isa = PBXResourcesBuildPhase;
			buildActionMask = 2147483647;
			files = (
				D03BE622233E290300880E1A /* LaunchScreen.storyboard in Resources */,
				D03BE61F233E290300880E1A /* Assets.xcassets in Resources */,
				D03BE61D233E290200880E1A /* Main.storyboard in Resources */,
			);
			runOnlyForDeploymentPostprocessing = 0;
		};
/* End PBXResourcesBuildPhase section */

/* Begin PBXSourcesBuildPhase section */
		D03BE610233E290200880E1A /* Sources */ = {
			isa = PBXSourcesBuildPhase;
			buildActionMask = 2147483647;
			files = (
				D03BE62B233E2CD800880E1A /* Next.swift in Sources */,
				D0FDE5E4233E591A006AA893 /* DataModelManager.swift in Sources */,
				D03BE62D233E2CE400880E1A /* Last.swift in Sources */,
				D0FDE5E2233E58F1006AA893 /* DataModelClasses.swift in Sources */,
				D03BE61A233E290200880E1A /* First.swift in Sources */,
				D03BE618233E290200880E1A /* AppDelegate.swift in Sources */,
			);
			runOnlyForDeploymentPostprocessing = 0;
		};
/* End PBXSourcesBuildPhase section */

/* Begin PBXVariantGroup section */
		D03BE61B233E290200880E1A /* Main.storyboard */ = {
			isa = PBXVariantGroup;
			children = (
				D03BE61C233E290200880E1A /* Base */,
			);
			name = Main.storyboard;
			sourceTree = "<group>";
		};
		D03BE620233E290300880E1A /* LaunchScreen.storyboard */ = {
			isa = PBXVariantGroup;
			children = (
				D03BE621233E290300880E1A /* Base */,
			);
			name = LaunchScreen.storyboard;
			sourceTree = "<group>";
		};
/* End PBXVariantGroup section */

/* Begin XCBuildConfiguration section */
		D03BE624233E290300880E1A /* Debug */ = {
			isa = XCBuildConfiguration;
			buildSettings = {
				ALWAYS_SEARCH_USER_PATHS = NO;
				CLANG_ANALYZER_NONNULL = YES;
				CLANG_ANALYZER_NUMBER_OBJECT_CONVERSION = YES_AGGRESSIVE;
				CLANG_CXX_LANGUAGE_STANDARD = "gnu++14";
				CLANG_CXX_LIBRARY = "libc++";
				CLANG_ENABLE_MODULES = YES;
				CLANG_ENABLE_OBJC_ARC = YES;
				CLANG_ENABLE_OBJC_WEAK = YES;
				CLANG_WARN_BLOCK_CAPTURE_AUTORELEASING = YES;
				CLANG_WARN_BOOL_CONVERSION = YES;
				CLANG_WARN_COMMA = YES;
				CLANG_WARN_CONSTANT_CONVERSION = YES;
				CLANG_WARN_DEPRECATED_OBJC_IMPLEMENTATIONS = YES;
				CLANG_WARN_DIRECT_OBJC_ISA_USAGE = YES_ERROR;
				CLANG_WARN_DOCUMENTATION_COMMENTS = YES;
				CLANG_WARN_EMPTY_BODY = YES;
				CLANG_WARN_ENUM_CONVERSION = YES;
				CLANG_WARN_INFINITE_RECURSION = YES;
				CLANG_WARN_INT_CONVERSION = YES;
				CLANG_WARN_NON_LITERAL_NULL_CONVERSION = YES;
				CLANG_WARN_OBJC_IMPLICIT_RETAIN_SELF = YES;
				CLANG_WARN_OBJC_LITERAL_CONVERSION = YES;
				CLANG_WARN_OBJC_ROOT_CLASS = YES_ERROR;
				CLANG_WARN_RANGE_LOOP_ANALYSIS = YES;
				CLANG_WARN_STRICT_PROTOTYPES = YES;
				CLANG_WARN_SUSPICIOUS_MOVE = YES;
				CLANG_WARN_UNGUARDED_AVAILABILITY = YES_AGGRESSIVE;
				CLANG_WARN_UNREACHABLE_CODE = YES;
				CLANG_WARN__DUPLICATE_METHOD_MATCH = YES;
				CODE_SIGN_IDENTITY = "iPhone Developer";
				COPY_PHASE_STRIP = NO;
				DEBUG_INFORMATION_FORMAT = dwarf;
				ENABLE_STRICT_OBJC_MSGSEND = YES;
				ENABLE_TESTABILITY = YES;
				GCC_C_LANGUAGE_STANDARD = gnu11;
				GCC_DYNAMIC_NO_PIC = NO;
				GCC_NO_COMMON_BLOCKS = YES;
				GCC_OPTIMIZATION_LEVEL = 0;
				GCC_PREPROCESSOR_DEFINITIONS = (
					"DEBUG=1",
					"$(inherited)",
				);
				GCC_WARN_64_TO_32_BIT_CONVERSION = YES;
				GCC_WARN_ABOUT_RETURN_TYPE = YES_ERROR;
				GCC_WARN_UNDECLARED_SELECTOR = YES;
				GCC_WARN_UNINITIALIZED_AUTOS = YES_AGGRESSIVE;
				GCC_WARN_UNUSED_FUNCTION = YES;
				GCC_WARN_UNUSED_VARIABLE = YES;
				IPHONEOS_DEPLOYMENT_TARGET = 12.4;
				MTL_ENABLE_DEBUG_INFO = INCLUDE_SOURCE;
				MTL_FAST_MATH = YES;
				ONLY_ACTIVE_ARCH = YES;
				SDKROOT = iphoneos;
				SWIFT_ACTIVE_COMPILATION_CONDITIONS = DEBUG;
				SWIFT_OPTIMIZATION_LEVEL = "-Onone";
			};
			name = Debug;
		};
		D03BE625233E290300880E1A /* Release */ = {
			isa = XCBuildConfiguration;
			buildSettings = {
				ALWAYS_SEARCH_USER_PATHS = NO;
				CLANG_ANALYZER_NONNULL = YES;
				CLANG_ANALYZER_NUMBER_OBJECT_CONVERSION = YES_AGGRESSIVE;
				CLANG_CXX_LANGUAGE_STANDARD = "gnu++14";
				CLANG_CXX_LIBRARY = "libc++";
				CLANG_ENABLE_MODULES = YES;
				CLANG_ENABLE_OBJC_ARC = YES;
				CLANG_ENABLE_OBJC_WEAK = YES;
				CLANG_WARN_BLOCK_CAPTURE_AUTORELEASING = YES;
				CLANG_WARN_BOOL_CONVERSION = YES;
				CLANG_WARN_COMMA = YES;
				CLANG_WARN_CONSTANT_CONVERSION = YES;
				CLANG_WARN_DEPRECATED_OBJC_IMPLEMENTATIONS = YES;
				CLANG_WARN_DIRECT_OBJC_ISA_USAGE = YES_ERROR;
				CLANG_WARN_DOCUMENTATION_COMMENTS = YES;
				CLANG_WARN_EMPTY_BODY = YES;
				CLANG_WARN_ENUM_CONVERSION = YES;
				CLANG_WARN_INFINITE_RECURSION = YES;
				CLANG_WARN_INT_CONVERSION = YES;
				CLANG_WARN_NON_LITERAL_NULL_CONVERSION = YES;
				CLANG_WARN_OBJC_IMPLICIT_RETAIN_SELF = YES;
				CLANG_WARN_OBJC_LITERAL_CONVERSION = YES;
				CLANG_WARN_OBJC_ROOT_CLASS = YES_ERROR;
				CLANG_WARN_RANGE_LOOP_ANALYSIS = YES;
				CLANG_WARN_STRICT_PROTOTYPES = YES;
				CLANG_WARN_SUSPICIOUS_MOVE = YES;
				CLANG_WARN_UNGUARDED_AVAILABILITY = YES_AGGRESSIVE;
				CLANG_WARN_UNREACHABLE_CODE = YES;
				CLANG_WARN__DUPLICATE_METHOD_MATCH = YES;
				CODE_SIGN_IDENTITY = "iPhone Developer";
				COPY_PHASE_STRIP = NO;
				DEBUG_INFORMATION_FORMAT = "dwarf-with-dsym";
				ENABLE_NS_ASSERTIONS = NO;
				ENABLE_STRICT_OBJC_MSGSEND = YES;
				GCC_C_LANGUAGE_STANDARD = gnu11;
				GCC_NO_COMMON_BLOCKS = YES;
				GCC_WARN_64_TO_32_BIT_CONVERSION = YES;
				GCC_WARN_ABOUT_RETURN_TYPE = YES_ERROR;
				GCC_WARN_UNDECLARED_SELECTOR = YES;
				GCC_WARN_UNINITIALIZED_AUTOS = YES_AGGRESSIVE;
				GCC_WARN_UNUSED_FUNCTION = YES;
				GCC_WARN_UNUSED_VARIABLE = YES;
				IPHONEOS_DEPLOYMENT_TARGET = 12.4;
				MTL_ENABLE_DEBUG_INFO = NO;
				MTL_FAST_MATH = YES;
				SDKROOT = iphoneos;
				SWIFT_COMPILATION_MODE = wholemodule;
				SWIFT_OPTIMIZATION_LEVEL = "-O";
				VALIDATE_PRODUCT = YES;
			};
			name = Release;
		};
		D03BE627233E290300880E1A /* Debug */ = {
			isa = XCBuildConfiguration;
			buildSettings = {
				ASSETCATALOG_COMPILER_APPICON_NAME = AppIcon;
				CODE_SIGN_STYLE = Automatic;
				INFOPLIST_FILE = "$(SRCROOT)/W04a2DataModelIntro/Info.plist";
				LD_RUNPATH_SEARCH_PATHS = (
					"$(inherited)",
					"@executable_path/Frameworks",
				);
				PRODUCT_BUNDLE_IDENTIFIER = ca.sict.W04a2DataModelIntro;
				PRODUCT_NAME = "$(TARGET_NAME)";
				SWIFT_VERSION = 5.0;
				TARGETED_DEVICE_FAMILY = "1,2";
			};
			name = Debug;
		};
		D03BE628233E290300880E1A /* Release */ = {
			isa = XCBuildConfiguration;
			buildSettings = {
				ASSETCATALOG_COMPILER_APPICON_NAME = AppIcon;
				CODE_SIGN_STYLE = Automatic;
				INFOPLIST_FILE = "$(SRCROOT)/W04a2DataModelIntro/Info.plist";
				LD_RUNPATH_SEARCH_PATHS = (
					"$(inherited)",
					"@executable_path/Frameworks",
				);
				PRODUCT_BUNDLE_IDENTIFIER = ca.sict.W04a2DataModelIntro;
				PRODUCT_NAME = "$(TARGET_NAME)";
				SWIFT_VERSION = 5.0;
				TARGETED_DEVICE_FAMILY = "1,2";
			};
			name = Release;
		};
/* End XCBuildConfiguration section */

/* Begin XCConfigurationList section */
		D03BE60F233E290200880E1A /* Build configuration list for PBXProject "W04a2DataModelIntro" */ = {
			isa = XCConfigurationList;
			buildConfigurations = (
				D03BE624233E290300880E1A /* Debug */,
				D03BE625233E290300880E1A /* Release */,
			);
			defaultConfigurationIsVisible = 0;
			defaultConfigurationName = Release;
		};
		D03BE626233E290300880E1A /* Build configuration list for PBXNativeTarget "W04a2DataModelIntro" */ = {
			isa = XCConfigurationList;
			buildConfigurations = (
				D03BE627233E290300880E1A /* Debug */,
				D03BE628233E290300880E1A /* Release */,
			);
			defaultConfigurationIsVisible = 0;
			defaultConfigurationName = Release;
		};
/* End XCConfigurationList section */
	};
	rootObject = D03BE60C233E290200880E1A /* Project object */;
}
