// !$*UTF8*$!
{
	archiveVersion = 1;
	classes = {
	};
	objectVersion = 50;
	objects = {

/* Begin PBXBuildFile section */
		D06AC38F234B5567005E8BBB /* AppDelegate.swift in Sources */ = {isa = PBXBuildFile; fileRef = D06AC38E234B5567005E8BBB /* AppDelegate.swift */; };
		D06AC391234B5567005E8BBB /* ImageScene.swift in Sources */ = {isa = PBXBuildFile; fileRef = D06AC390234B5567005E8BBB /* ImageScene.swift */; };
		D06AC394234B5567005E8BBB /* Main.storyboard in Resources */ = {isa = PBXBuildFile; fileRef = D06AC392234B5567005E8BBB /* Main.storyboard */; };
		D06AC396234B5568005E8BBB /* Assets.xcassets in Resources */ = {isa = PBXBuildFile; fileRef = D06AC395234B5568005E8BBB /* Assets.xcassets */; };
		D06AC399234B5568005E8BBB /* LaunchScreen.storyboard in Resources */ = {isa = PBXBuildFile; fileRef = D06AC397234B5568005E8BBB /* LaunchScreen.storyboard */; };
		D06AC3A1234B55D1005E8BBB /* ImageList.swift in Sources */ = {isa = PBXBuildFile; fileRef = D06AC3A0234B55D1005E8BBB /* ImageList.swift */; };
		D06AC3A3234B57F5005E8BBB /* DataModelManager.swift in Sources */ = {isa = PBXBuildFile; fileRef = D06AC3A2234B57F5005E8BBB /* DataModelManager.swift */; };
/* End PBXBuildFile section */

/* Begin PBXFileReference section */
		D06AC38B234B5567005E8BBB /* W05a4ImageSave.app */ = {isa = PBXFileReference; explicitFileType = wrapper.application; includeInIndex = 0; path = W05a4ImageSave.app; sourceTree = BUILT_PRODUCTS_DIR; };
		D06AC38E234B5567005E8BBB /* AppDelegate.swift */ = {isa = PBXFileReference; lastKnownFileType = sourcecode.swift; path = AppDelegate.swift; sourceTree = "<group>"; };
		D06AC390234B5567005E8BBB /* ImageScene.swift */ = {isa = PBXFileReference; lastKnownFileType = sourcecode.swift; path = ImageScene.swift; sourceTree = "<group>"; };
		D06AC393234B5567005E8BBB /* Base */ = {isa = PBXFileReference; lastKnownFileType = file.storyboard; name = Base; path = Base.lproj/Main.storyboard; sourceTree = "<group>"; };
		D06AC395234B5568005E8BBB /* Assets.xcassets */ = {isa = PBXFileReference; lastKnownFileType = folder.assetcatalog; path = Assets.xcassets; sourceTree = "<group>"; };
		D06AC398234B5568005E8BBB /* Base */ = {isa = PBXFileReference; lastKnownFileType = file.storyboard; name = Base; path = Base.lproj/LaunchScreen.storyboard; sourceTree = "<group>"; };
		D06AC39A234B5568005E8BBB /* Info.plist */ = {isa = PBXFileReference; lastKnownFileType = text.plist.xml; path = Info.plist; sourceTree = "<group>"; };
		D06AC3A0234B55D1005E8BBB /* ImageList.swift */ = {isa = PBXFileReference; lastKnownFileType = sourcecode.swift; path = ImageList.swift; sourceTree = "<group>"; };
		D06AC3A2234B57F5005E8BBB /* DataModelManager.swift */ = {isa = PBXFileReference; lastKnownFileType = sourcecode.swift; path = DataModelManager.swift; sourceTree = "<group>"; };
		D06AC3A4234B7E2D005E8BBB /* README.md */ = {isa = PBXFileReference; lastKnownFileType = net.daringfireball.markdown; path = README.md; sourceTree = "<group>"; };
/* End PBXFileReference section */

/* Begin PBXFrameworksBuildPhase section */
		D06AC388234B5567005E8BBB /* Frameworks */ = {
			isa = PBXFrameworksBuildPhase;
			buildActionMask = 2147483647;
			files = (
			);
			runOnlyForDeploymentPostprocessing = 0;
		};
/* End PBXFrameworksBuildPhase section */

/* Begin PBXGroup section */
		D06AC382234B5567005E8BBB = {
			isa = PBXGroup;
			children = (
				D06AC3A4234B7E2D005E8BBB /* README.md */,
				D06AC38D234B5567005E8BBB /* Classes */,
				D06AC38C234B5567005E8BBB /* Products */,
			);
			sourceTree = "<group>";
		};
		D06AC38C234B5567005E8BBB /* Products */ = {
			isa = PBXGroup;
			children = (
				D06AC38B234B5567005E8BBB /* W05a4ImageSave.app */,
			);
			name = Products;
			sourceTree = "<group>";
		};
		D06AC38D234B5567005E8BBB /* Classes */ = {
			isa = PBXGroup;
			children = (
				D06AC397234B5568005E8BBB /* LaunchScreen.storyboard */,
				D06AC392234B5567005E8BBB /* Main.storyboard */,
				D06AC3A2234B57F5005E8BBB /* DataModelManager.swift */,
				D06AC38E234B5567005E8BBB /* AppDelegate.swift */,
				D06AC3A0234B55D1005E8BBB /* ImageList.swift */,
				D06AC390234B5567005E8BBB /* ImageScene.swift */,
				D06AC395234B5568005E8BBB /* Assets.xcassets */,
				D06AC39A234B5568005E8BBB /* Info.plist */,
			);
			path = Classes;
			sourceTree = "<group>";
		};
/* End PBXGroup section */

/* Begin PBXNativeTarget section */
		D06AC38A234B5567005E8BBB /* W05a4ImageSave */ = {
			isa = PBXNativeTarget;
			buildConfigurationList = D06AC39D234B5568005E8BBB /* Build configuration list for PBXNativeTarget "W05a4ImageSave" */;
			buildPhases = (
				D06AC387234B5567005E8BBB /* Sources */,
				D06AC388234B5567005E8BBB /* Frameworks */,
				D06AC389234B5567005E8BBB /* Resources */,
			);
			buildRules = (
			);
			dependencies = (
			);
			name = W05a4ImageSave;
			productName = W05a4ImageSave;
			productReference = D06AC38B234B5567005E8BBB /* W05a4ImageSave.app */;
			productType = "com.apple.product-type.application";
		};
/* End PBXNativeTarget section */

/* Begin PBXProject section */
		D06AC383234B5567005E8BBB /* Project object */ = {
			isa = PBXProject;
			attributes = {
				LastSwiftUpdateCheck = 1030;
				LastUpgradeCheck = 1030;
				ORGANIZATIONNAME = SICT;
				TargetAttributes = {
					D06AC38A234B5567005E8BBB = {
						CreatedOnToolsVersion = 10.3;
					};
				};
			};
			buildConfigurationList = D06AC386234B5567005E8BBB /* Build configuration list for PBXProject "W05a4ImageSave" */;
			compatibilityVersion = "Xcode 9.3";
			developmentRegion = en;
			hasScannedForEncodings = 0;
			knownRegions = (
				en,
				Base,
			);
			mainGroup = D06AC382234B5567005E8BBB;
			productRefGroup = D06AC38C234B5567005E8BBB /* Products */;
			projectDirPath = "";
			projectRoot = "";
			targets = (
				D06AC38A234B5567005E8BBB /* W05a4ImageSave */,
			);
		};
/* End PBXProject section */

/* Begin PBXResourcesBuildPhase section */
		D06AC389234B5567005E8BBB /* Resources */ = {
			isa = PBXResourcesBuildPhase;
			buildActionMask = 2147483647;
			files = (
				D06AC399234B5568005E8BBB /* LaunchScreen.storyboard in Resources */,
				D06AC396234B5568005E8BBB /* Assets.xcassets in Resources */,
				D06AC394234B5567005E8BBB /* Main.storyboard in Resources */,
			);
			runOnlyForDeploymentPostprocessing = 0;
		};
/* End PBXResourcesBuildPhase section */

/* Begin PBXSourcesBuildPhase section */
		D06AC387234B5567005E8BBB /* Sources */ = {
			isa = PBXSourcesBuildPhase;
			buildActionMask = 2147483647;
			files = (
				D06AC3A1234B55D1005E8BBB /* ImageList.swift in Sources */,
				D06AC391234B5567005E8BBB /* ImageScene.swift in Sources */,
				D06AC38F234B5567005E8BBB /* AppDelegate.swift in Sources */,
				D06AC3A3234B57F5005E8BBB /* DataModelManager.swift in Sources */,
			);
			runOnlyForDeploymentPostprocessing = 0;
		};
/* End PBXSourcesBuildPhase section */

/* Begin PBXVariantGroup section */
		D06AC392234B5567005E8BBB /* Main.storyboard */ = {
			isa = PBXVariantGroup;
			children = (
				D06AC393234B5567005E8BBB /* Base */,
			);
			name = Main.storyboard;
			sourceTree = "<group>";
		};
		D06AC397234B5568005E8BBB /* LaunchScreen.storyboard */ = {
			isa = PBXVariantGroup;
			children = (
				D06AC398234B5568005E8BBB /* Base */,
			);
			name = LaunchScreen.storyboard;
			sourceTree = "<group>";
		};
/* End PBXVariantGroup section */

/* Begin XCBuildConfiguration section */
		D06AC39B234B5568005E8BBB /* Debug */ = {
			isa = XCBuildConfiguration;
			buildSettings = {
				ALWAYS_SEARCH_USER_PATHS = NO;
				CLANG_ANALYZER_NONNULL = YES;
				CLANG_ANALYZER_NUMBER_OBJECT_CONVERSION = YES_AGGRESSIVE;
				CLANG_CXX_LANGUAGE_STANDARD = "gnu++14";
				CLANG_CXX_LIBRARY = "libc++";
				CLANG_ENABLE_MODULES = YES;
				CLANG_ENABLE_OBJC_ARC = YES;
				CLANG_ENABLE_OBJC_WEAK = YES;
				CLANG_WARN_BLOCK_CAPTURE_AUTORELEASING = YES;
				CLANG_WARN_BOOL_CONVERSION = YES;
				CLANG_WARN_COMMA = YES;
				CLANG_WARN_CONSTANT_CONVERSION = YES;
				CLANG_WARN_DEPRECATED_OBJC_IMPLEMENTATIONS = YES;
				CLANG_WARN_DIRECT_OBJC_ISA_USAGE = YES_ERROR;
				CLANG_WARN_DOCUMENTATION_COMMENTS = YES;
				CLANG_WARN_EMPTY_BODY = YES;
				CLANG_WARN_ENUM_CONVERSION = YES;
				CLANG_WARN_INFINITE_RECURSION = YES;
				CLANG_WARN_INT_CONVERSION = YES;
				CLANG_WARN_NON_LITERAL_NULL_CONVERSION = YES;
				CLANG_WARN_OBJC_IMPLICIT_RETAIN_SELF = YES;
				CLANG_WARN_OBJC_LITERAL_CONVERSION = YES;
				CLANG_WARN_OBJC_ROOT_CLASS = YES_ERROR;
				CLANG_WARN_RANGE_LOOP_ANALYSIS = YES;
				CLANG_WARN_STRICT_PROTOTYPES = YES;
				CLANG_WARN_SUSPICIOUS_MOVE = YES;
				CLANG_WARN_UNGUARDED_AVAILABILITY = YES_AGGRESSIVE;
				CLANG_WARN_UNREACHABLE_CODE = YES;
				CLANG_WARN__DUPLICATE_METHOD_MATCH = YES;
				CODE_SIGN_IDENTITY = "iPhone Developer";
				COPY_PHASE_STRIP = NO;
				DEBUG_INFORMATION_FORMAT = dwarf;
				ENABLE_STRICT_OBJC_MSGSEND = YES;
				ENABLE_TESTABILITY = YES;
				GCC_C_LANGUAGE_STANDARD = gnu11;
				GCC_DYNAMIC_NO_PIC = NO;
				GCC_NO_COMMON_BLOCKS = YES;
				GCC_OPTIMIZATION_LEVEL = 0;
				GCC_PREPROCESSOR_DEFINITIONS = (
					"DEBUG=1",
					"$(inherited)",
				);
				GCC_WARN_64_TO_32_BIT_CONVERSION = YES;
				GCC_WARN_ABOUT_RETURN_TYPE = YES_ERROR;
				GCC_WARN_UNDECLARED_SELECTOR = YES;
				GCC_WARN_UNINITIALIZED_AUTOS = YES_AGGRESSIVE;
				GCC_WARN_UNUSED_FUNCTION = YES;
				GCC_WARN_UNUSED_VARIABLE = YES;
				IPHONEOS_DEPLOYMENT_TARGET = 12.4;
				MTL_ENABLE_DEBUG_INFO = INCLUDE_SOURCE;
				MTL_FAST_MATH = YES;
				ONLY_ACTIVE_ARCH = YES;
				SDKROOT = iphoneos;
				SWIFT_ACTIVE_COMPILATION_CONDITIONS = DEBUG;
				SWIFT_OPTIMIZATION_LEVEL = "-Onone";
			};
			name = Debug;
		};
		D06AC39C234B5568005E8BBB /* Release */ = {
			isa = XCBuildConfiguration;
			buildSettings = {
				ALWAYS_SEARCH_USER_PATHS = NO;
				CLANG_ANALYZER_NONNULL = YES;
				CLANG_ANALYZER_NUMBER_OBJECT_CONVERSION = YES_AGGRESSIVE;
				CLANG_CXX_LANGUAGE_STANDARD = "gnu++14";
				CLANG_CXX_LIBRARY = "libc++";
				CLANG_ENABLE_MODULES = YES;
				CLANG_ENABLE_OBJC_ARC = YES;
				CLANG_ENABLE_OBJC_WEAK = YES;
				CLANG_WARN_BLOCK_CAPTURE_AUTORELEASING = YES;
				CLANG_WARN_BOOL_CONVERSION = YES;
				CLANG_WARN_COMMA = YES;
				CLANG_WARN_CONSTANT_CONVERSION = YES;
				CLANG_WARN_DEPRECATED_OBJC_IMPLEMENTATIONS = YES;
				CLANG_WARN_DIRECT_OBJC_ISA_USAGE = YES_ERROR;
				CLANG_WARN_DOCUMENTATION_COMMENTS = YES;
				CLANG_WARN_EMPTY_BODY = YES;
				CLANG_WARN_ENUM_CONVERSION = YES;
				CLANG_WARN_INFINITE_RECURSION = YES;
				CLANG_WARN_INT_CONVERSION = YES;
				CLANG_WARN_NON_LITERAL_NULL_CONVERSION = YES;
				CLANG_WARN_OBJC_IMPLICIT_RETAIN_SELF = YES;
				CLANG_WARN_OBJC_LITERAL_CONVERSION = YES;
				CLANG_WARN_OBJC_ROOT_CLASS = YES_ERROR;
				CLANG_WARN_RANGE_LOOP_ANALYSIS = YES;
				CLANG_WARN_STRICT_PROTOTYPES = YES;
				CLANG_WARN_SUSPICIOUS_MOVE = YES;
				CLANG_WARN_UNGUARDED_AVAILABILITY = YES_AGGRESSIVE;
				CLANG_WARN_UNREACHABLE_CODE = YES;
				CLANG_WARN__DUPLICATE_METHOD_MATCH = YES;
				CODE_SIGN_IDENTITY = "iPhone Developer";
				COPY_PHASE_STRIP = NO;
				DEBUG_INFORMATION_FORMAT = "dwarf-with-dsym";
				ENABLE_NS_ASSERTIONS = NO;
				ENABLE_STRICT_OBJC_MSGSEND = YES;
				GCC_C_LANGUAGE_STANDARD = gnu11;
				GCC_NO_COMMON_BLOCKS = YES;
				GCC_WARN_64_TO_32_BIT_CONVERSION = YES;
				GCC_WARN_ABOUT_RETURN_TYPE = YES_ERROR;
				GCC_WARN_UNDECLARED_SELECTOR = YES;
				GCC_WARN_UNINITIALIZED_AUTOS = YES_AGGRESSIVE;
				GCC_WARN_UNUSED_FUNCTION = YES;
				GCC_WARN_UNUSED_VARIABLE = YES;
				IPHONEOS_DEPLOYMENT_TARGET = 12.4;
				MTL_ENABLE_DEBUG_INFO = NO;
				MTL_FAST_MATH = YES;
				SDKROOT = iphoneos;
				SWIFT_COMPILATION_MODE = wholemodule;
				SWIFT_OPTIMIZATION_LEVEL = "-O";
				VALIDATE_PRODUCT = YES;
			};
			name = Release;
		};
		D06AC39E234B5568005E8BBB /* Debug */ = {
			isa = XCBuildConfiguration;
			buildSettings = {
				ASSETCATALOG_COMPILER_APPICON_NAME = AppIcon;
				CODE_SIGN_STYLE = Automatic;
				DEVELOPMENT_TEAM = YS686238J6;
				INFOPLIST_FILE = "$(SRCROOT)/Classes/Info.plist";
				LD_RUNPATH_SEARCH_PATHS = (
					"$(inherited)",
					"@executable_path/Frameworks",
				);
				PRODUCT_BUNDLE_IDENTIFIER = ca.sict.W05a4ImageSave;
				PRODUCT_NAME = "$(TARGET_NAME)";
				SWIFT_VERSION = 5.0;
				TARGETED_DEVICE_FAMILY = "1,2";
			};
			name = Debug;
		};
		D06AC39F234B5568005E8BBB /* Release */ = {
			isa = XCBuildConfiguration;
			buildSettings = {
				ASSETCATALOG_COMPILER_APPICON_NAME = AppIcon;
				CODE_SIGN_STYLE = Automatic;
				DEVELOPMENT_TEAM = YS686238J6;
				INFOPLIST_FILE = "$(SRCROOT)/Classes/Info.plist";
				LD_RUNPATH_SEARCH_PATHS = (
					"$(inherited)",
					"@executable_path/Frameworks",
				);
				PRODUCT_BUNDLE_IDENTIFIER = ca.sict.W05a4ImageSave;
				PRODUCT_NAME = "$(TARGET_NAME)";
				SWIFT_VERSION = 5.0;
				TARGETED_DEVICE_FAMILY = "1,2";
			};
			name = Release;
		};
/* End XCBuildConfiguration section */

/* Begin XCConfigurationList section */
		D06AC386234B5567005E8BBB /* Build configuration list for PBXProject "W05a4ImageSave" */ = {
			isa = XCConfigurationList;
			buildConfigurations = (
				D06AC39B234B5568005E8BBB /* Debug */,
				D06AC39C234B5568005E8BBB /* Release */,
			);
			defaultConfigurationIsVisible = 0;
			defaultConfigurationName = Release;
		};
		D06AC39D234B5568005E8BBB /* Build configuration list for PBXNativeTarget "W05a4ImageSave" */ = {
			isa = XCConfigurationList;
			buildConfigurations = (
				D06AC39E234B5568005E8BBB /* Debug */,
				D06AC39F234B5568005E8BBB /* Release */,
			);
			defaultConfigurationIsVisible = 0;
			defaultConfigurationName = Release;
		};
/* End XCConfigurationList section */
	};
	rootObject = D06AC383234B5567005E8BBB /* Project object */;
}
