// !$*UTF8*$!
{
	archiveVersion = 1;
	classes = {
	};
	objectVersion = 50;
	objects = {

/* Begin PBXBuildFile section */
		D076E93523422BF6006FF38D /* AppDelegate.swift in Sources */ = {isa = PBXBuildFile; fileRef = D076E93423422BF6006FF38D /* AppDelegate.swift */; };
		D076E93723422BF6006FF38D /* InfoScene.swift in Sources */ = {isa = PBXBuildFile; fileRef = D076E93623422BF6006FF38D /* InfoScene.swift */; };
		D076E93A23422BF6006FF38D /* Main.storyboard in Resources */ = {isa = PBXBuildFile; fileRef = D076E93823422BF6006FF38D /* Main.storyboard */; };
		D076E93C23422BF7006FF38D /* Assets.xcassets in Resources */ = {isa = PBXBuildFile; fileRef = D076E93B23422BF7006FF38D /* Assets.xcassets */; };
		D076E93F23422BF7006FF38D /* LaunchScreen.storyboard in Resources */ = {isa = PBXBuildFile; fileRef = D076E93D23422BF7006FF38D /* LaunchScreen.storyboard */; };
		D076E94923425783006FF38D /* data-customers.json in Resources */ = {isa = PBXBuildFile; fileRef = D076E94723425783006FF38D /* data-customers.json */; };
		D076E94A23425783006FF38D /* data-employees.json in Resources */ = {isa = PBXBuildFile; fileRef = D076E94823425783006FF38D /* data-employees.json */; };
		D076E94C234257C2006FF38D /* DataModelClasses.swift in Sources */ = {isa = PBXBuildFile; fileRef = D076E94B234257C2006FF38D /* DataModelClasses.swift */; };
		D076E94E23425A96006FF38D /* DataModelManager.swift in Sources */ = {isa = PBXBuildFile; fileRef = D076E94D23425A96006FF38D /* DataModelManager.swift */; };
/* End PBXBuildFile section */

/* Begin PBXFileReference section */
		D076E93123422BF6006FF38D /* W05a3StoreData.app */ = {isa = PBXFileReference; explicitFileType = wrapper.application; includeInIndex = 0; path = W05a3StoreData.app; sourceTree = BUILT_PRODUCTS_DIR; };
		D076E93423422BF6006FF38D /* AppDelegate.swift */ = {isa = PBXFileReference; lastKnownFileType = sourcecode.swift; path = AppDelegate.swift; sourceTree = "<group>"; };
		D076E93623422BF6006FF38D /* InfoScene.swift */ = {isa = PBXFileReference; lastKnownFileType = sourcecode.swift; path = InfoScene.swift; sourceTree = "<group>"; };
		D076E93923422BF6006FF38D /* Base */ = {isa = PBXFileReference; lastKnownFileType = file.storyboard; name = Base; path = Base.lproj/Main.storyboard; sourceTree = "<group>"; };
		D076E93B23422BF7006FF38D /* Assets.xcassets */ = {isa = PBXFileReference; lastKnownFileType = folder.assetcatalog; path = Assets.xcassets; sourceTree = "<group>"; };
		D076E93E23422BF7006FF38D /* Base */ = {isa = PBXFileReference; lastKnownFileType = file.storyboard; name = Base; path = Base.lproj/LaunchScreen.storyboard; sourceTree = "<group>"; };
		D076E94023422BF7006FF38D /* Info.plist */ = {isa = PBXFileReference; lastKnownFileType = text.plist.xml; path = Info.plist; sourceTree = "<group>"; };
		D076E94623422D48006FF38D /* README.md */ = {isa = PBXFileReference; lastKnownFileType = net.daringfireball.markdown; path = README.md; sourceTree = "<group>"; };
		D076E94723425783006FF38D /* data-customers.json */ = {isa = PBXFileReference; fileEncoding = 4; lastKnownFileType = text.json; path = "data-customers.json"; sourceTree = "<group>"; };
		D076E94823425783006FF38D /* data-employees.json */ = {isa = PBXFileReference; fileEncoding = 4; lastKnownFileType = text.json; path = "data-employees.json"; sourceTree = "<group>"; };
		D076E94B234257C2006FF38D /* DataModelClasses.swift */ = {isa = PBXFileReference; lastKnownFileType = sourcecode.swift; path = DataModelClasses.swift; sourceTree = "<group>"; };
		D076E94D23425A96006FF38D /* DataModelManager.swift */ = {isa = PBXFileReference; lastKnownFileType = sourcecode.swift; path = DataModelManager.swift; sourceTree = "<group>"; };
/* End PBXFileReference section */

/* Begin PBXFrameworksBuildPhase section */
		D076E92E23422BF6006FF38D /* Frameworks */ = {
			isa = PBXFrameworksBuildPhase;
			buildActionMask = 2147483647;
			files = (
			);
			runOnlyForDeploymentPostprocessing = 0;
		};
/* End PBXFrameworksBuildPhase section */

/* Begin PBXGroup section */
		D076E92823422BF5006FF38D = {
			isa = PBXGroup;
			children = (
				D076E94623422D48006FF38D /* README.md */,
				D076E93323422BF6006FF38D /* W05a3StoreData */,
				D076E93223422BF6006FF38D /* Products */,
			);
			sourceTree = "<group>";
		};
		D076E93223422BF6006FF38D /* Products */ = {
			isa = PBXGroup;
			children = (
				D076E93123422BF6006FF38D /* W05a3StoreData.app */,
			);
			name = Products;
			sourceTree = "<group>";
		};
		D076E93323422BF6006FF38D /* W05a3StoreData */ = {
			isa = PBXGroup;
			children = (
				D076E94723425783006FF38D /* data-customers.json */,
				D076E94823425783006FF38D /* data-employees.json */,
				D076E93423422BF6006FF38D /* AppDelegate.swift */,
				D076E93623422BF6006FF38D /* InfoScene.swift */,
				D076E93823422BF6006FF38D /* Main.storyboard */,
				D076E93B23422BF7006FF38D /* Assets.xcassets */,
				D076E93D23422BF7006FF38D /* LaunchScreen.storyboard */,
				D076E94023422BF7006FF38D /* Info.plist */,
				D076E94B234257C2006FF38D /* DataModelClasses.swift */,
				D076E94D23425A96006FF38D /* DataModelManager.swift */,
			);
			path = W05a3StoreData;
			sourceTree = "<group>";
		};
/* End PBXGroup section */

/* Begin PBXNativeTarget section */
		D076E93023422BF6006FF38D /* W05a3StoreData */ = {
			isa = PBXNativeTarget;
			buildConfigurationList = D076E94323422BF7006FF38D /* Build configuration list for PBXNativeTarget "W05a3StoreData" */;
			buildPhases = (
				D076E92D23422BF6006FF38D /* Sources */,
				D076E92E23422BF6006FF38D /* Frameworks */,
				D076E92F23422BF6006FF38D /* Resources */,
			);
			buildRules = (
			);
			dependencies = (
			);
			name = W05a3StoreData;
			productName = W05a1StoreText;
			productReference = D076E93123422BF6006FF38D /* W05a3StoreData.app */;
			productType = "com.apple.product-type.application";
		};
/* End PBXNativeTarget section */

/* Begin PBXProject section */
		D076E92923422BF5006FF38D /* Project object */ = {
			isa = PBXProject;
			attributes = {
				LastSwiftUpdateCheck = 1030;
				LastUpgradeCheck = 1030;
				ORGANIZATIONNAME = SICT;
				TargetAttributes = {
					D076E93023422BF6006FF38D = {
						CreatedOnToolsVersion = 10.3;
					};
				};
			};
			buildConfigurationList = D076E92C23422BF6006FF38D /* Build configuration list for PBXProject "W05a3StoreData" */;
			compatibilityVersion = "Xcode 9.3";
			developmentRegion = en;
			hasScannedForEncodings = 0;
			knownRegions = (
				en,
				Base,
			);
			mainGroup = D076E92823422BF5006FF38D;
			productRefGroup = D076E93223422BF6006FF38D /* Products */;
			projectDirPath = "";
			projectRoot = "";
			targets = (
				D076E93023422BF6006FF38D /* W05a3StoreData */,
			);
		};
/* End PBXProject section */

/* Begin PBXResourcesBuildPhase section */
		D076E92F23422BF6006FF38D /* Resources */ = {
			isa = PBXResourcesBuildPhase;
			buildActionMask = 2147483647;
			files = (
				D076E94923425783006FF38D /* data-customers.json in Resources */,
				D076E93F23422BF7006FF38D /* LaunchScreen.storyboard in Resources */,
				D076E94A23425783006FF38D /* data-employees.json in Resources */,
				D076E93C23422BF7006FF38D /* Assets.xcassets in Resources */,
				D076E93A23422BF6006FF38D /* Main.storyboard in Resources */,
			);
			runOnlyForDeploymentPostprocessing = 0;
		};
/* End PBXResourcesBuildPhase section */

/* Begin PBXSourcesBuildPhase section */
		D076E92D23422BF6006FF38D /* Sources */ = {
			isa = PBXSourcesBuildPhase;
			buildActionMask = 2147483647;
			files = (
				D076E94C234257C2006FF38D /* DataModelClasses.swift in Sources */,
				D076E93723422BF6006FF38D /* InfoScene.swift in Sources */,
				D076E93523422BF6006FF38D /* AppDelegate.swift in Sources */,
				D076E94E23425A96006FF38D /* DataModelManager.swift in Sources */,
			);
			runOnlyForDeploymentPostprocessing = 0;
		};
/* End PBXSourcesBuildPhase section */

/* Begin PBXVariantGroup section */
		D076E93823422BF6006FF38D /* Main.storyboard */ = {
			isa = PBXVariantGroup;
			children = (
				D076E93923422BF6006FF38D /* Base */,
			);
			name = Main.storyboard;
			sourceTree = "<group>";
		};
		D076E93D23422BF7006FF38D /* LaunchScreen.storyboard */ = {
			isa = PBXVariantGroup;
			children = (
				D076E93E23422BF7006FF38D /* Base */,
			);
			name = LaunchScreen.storyboard;
			sourceTree = "<group>";
		};
/* End PBXVariantGroup section */

/* Begin XCBuildConfiguration section */
		D076E94123422BF7006FF38D /* Debug */ = {
			isa = XCBuildConfiguration;
			buildSettings = {
				ALWAYS_SEARCH_USER_PATHS = NO;
				CLANG_ANALYZER_NONNULL = YES;
				CLANG_ANALYZER_NUMBER_OBJECT_CONVERSION = YES_AGGRESSIVE;
				CLANG_CXX_LANGUAGE_STANDARD = "gnu++14";
				CLANG_CXX_LIBRARY = "libc++";
				CLANG_ENABLE_MODULES = YES;
				CLANG_ENABLE_OBJC_ARC = YES;
				CLANG_ENABLE_OBJC_WEAK = YES;
				CLANG_WARN_BLOCK_CAPTURE_AUTORELEASING = YES;
				CLANG_WARN_BOOL_CONVERSION = YES;
				CLANG_WARN_COMMA = YES;
				CLANG_WARN_CONSTANT_CONVERSION = YES;
				CLANG_WARN_DEPRECATED_OBJC_IMPLEMENTATIONS = YES;
				CLANG_WARN_DIRECT_OBJC_ISA_USAGE = YES_ERROR;
				CLANG_WARN_DOCUMENTATION_COMMENTS = YES;
				CLANG_WARN_EMPTY_BODY = YES;
				CLANG_WARN_ENUM_CONVERSION = YES;
				CLANG_WARN_INFINITE_RECURSION = YES;
				CLANG_WARN_INT_CONVERSION = YES;
				CLANG_WARN_NON_LITERAL_NULL_CONVERSION = YES;
				CLANG_WARN_OBJC_IMPLICIT_RETAIN_SELF = YES;
				CLANG_WARN_OBJC_LITERAL_CONVERSION = YES;
				CLANG_WARN_OBJC_ROOT_CLASS = YES_ERROR;
				CLANG_WARN_RANGE_LOOP_ANALYSIS = YES;
				CLANG_WARN_STRICT_PROTOTYPES = YES;
				CLANG_WARN_SUSPICIOUS_MOVE = YES;
				CLANG_WARN_UNGUARDED_AVAILABILITY = YES_AGGRESSIVE;
				CLANG_WARN_UNREACHABLE_CODE = YES;
				CLANG_WARN__DUPLICATE_METHOD_MATCH = YES;
				CODE_SIGN_IDENTITY = "iPhone Developer";
				COPY_PHASE_STRIP = NO;
				DEBUG_INFORMATION_FORMAT = dwarf;
				ENABLE_STRICT_OBJC_MSGSEND = YES;
				ENABLE_TESTABILITY = YES;
				GCC_C_LANGUAGE_STANDARD = gnu11;
				GCC_DYNAMIC_NO_PIC = NO;
				GCC_NO_COMMON_BLOCKS = YES;
				GCC_OPTIMIZATION_LEVEL = 0;
				GCC_PREPROCESSOR_DEFINITIONS = (
					"DEBUG=1",
					"$(inherited)",
				);
				GCC_WARN_64_TO_32_BIT_CONVERSION = YES;
				GCC_WARN_ABOUT_RETURN_TYPE = YES_ERROR;
				GCC_WARN_UNDECLARED_SELECTOR = YES;
				GCC_WARN_UNINITIALIZED_AUTOS = YES_AGGRESSIVE;
				GCC_WARN_UNUSED_FUNCTION = YES;
				GCC_WARN_UNUSED_VARIABLE = YES;
				IPHONEOS_DEPLOYMENT_TARGET = 12.4;
				MTL_ENABLE_DEBUG_INFO = INCLUDE_SOURCE;
				MTL_FAST_MATH = YES;
				ONLY_ACTIVE_ARCH = YES;
				SDKROOT = iphoneos;
				SWIFT_ACTIVE_COMPILATION_CONDITIONS = DEBUG;
				SWIFT_OPTIMIZATION_LEVEL = "-Onone";
			};
			name = Debug;
		};
		D076E94223422BF7006FF38D /* Release */ = {
			isa = XCBuildConfiguration;
			buildSettings = {
				ALWAYS_SEARCH_USER_PATHS = NO;
				CLANG_ANALYZER_NONNULL = YES;
				CLANG_ANALYZER_NUMBER_OBJECT_CONVERSION = YES_AGGRESSIVE;
				CLANG_CXX_LANGUAGE_STANDARD = "gnu++14";
				CLANG_CXX_LIBRARY = "libc++";
				CLANG_ENABLE_MODULES = YES;
				CLANG_ENABLE_OBJC_ARC = YES;
				CLANG_ENABLE_OBJC_WEAK = YES;
				CLANG_WARN_BLOCK_CAPTURE_AUTORELEASING = YES;
				CLANG_WARN_BOOL_CONVERSION = YES;
				CLANG_WARN_COMMA = YES;
				CLANG_WARN_CONSTANT_CONVERSION = YES;
				CLANG_WARN_DEPRECATED_OBJC_IMPLEMENTATIONS = YES;
				CLANG_WARN_DIRECT_OBJC_ISA_USAGE = YES_ERROR;
				CLANG_WARN_DOCUMENTATION_COMMENTS = YES;
				CLANG_WARN_EMPTY_BODY = YES;
				CLANG_WARN_ENUM_CONVERSION = YES;
				CLANG_WARN_INFINITE_RECURSION = YES;
				CLANG_WARN_INT_CONVERSION = YES;
				CLANG_WARN_NON_LITERAL_NULL_CONVERSION = YES;
				CLANG_WARN_OBJC_IMPLICIT_RETAIN_SELF = YES;
				CLANG_WARN_OBJC_LITERAL_CONVERSION = YES;
				CLANG_WARN_OBJC_ROOT_CLASS = YES_ERROR;
				CLANG_WARN_RANGE_LOOP_ANALYSIS = YES;
				CLANG_WARN_STRICT_PROTOTYPES = YES;
				CLANG_WARN_SUSPICIOUS_MOVE = YES;
				CLANG_WARN_UNGUARDED_AVAILABILITY = YES_AGGRESSIVE;
				CLANG_WARN_UNREACHABLE_CODE = YES;
				CLANG_WARN__DUPLICATE_METHOD_MATCH = YES;
				CODE_SIGN_IDENTITY = "iPhone Developer";
				COPY_PHASE_STRIP = NO;
				DEBUG_INFORMATION_FORMAT = "dwarf-with-dsym";
				ENABLE_NS_ASSERTIONS = NO;
				ENABLE_STRICT_OBJC_MSGSEND = YES;
				GCC_C_LANGUAGE_STANDARD = gnu11;
				GCC_NO_COMMON_BLOCKS = YES;
				GCC_WARN_64_TO_32_BIT_CONVERSION = YES;
				GCC_WARN_ABOUT_RETURN_TYPE = YES_ERROR;
				GCC_WARN_UNDECLARED_SELECTOR = YES;
				GCC_WARN_UNINITIALIZED_AUTOS = YES_AGGRESSIVE;
				GCC_WARN_UNUSED_FUNCTION = YES;
				GCC_WARN_UNUSED_VARIABLE = YES;
				IPHONEOS_DEPLOYMENT_TARGET = 12.4;
				MTL_ENABLE_DEBUG_INFO = NO;
				MTL_FAST_MATH = YES;
				SDKROOT = iphoneos;
				SWIFT_COMPILATION_MODE = wholemodule;
				SWIFT_OPTIMIZATION_LEVEL = "-O";
				VALIDATE_PRODUCT = YES;
			};
			name = Release;
		};
		D076E94423422BF7006FF38D /* Debug */ = {
			isa = XCBuildConfiguration;
			buildSettings = {
				ASSETCATALOG_COMPILER_APPICON_NAME = AppIcon;
				CODE_SIGN_STYLE = Automatic;
				INFOPLIST_FILE = "$(SRCROOT)/W05a3StoreData/Info.plist";
				LD_RUNPATH_SEARCH_PATHS = (
					"$(inherited)",
					"@executable_path/Frameworks",
				);
				PRODUCT_BUNDLE_IDENTIFIER = ca.sict.W05a1StoreData;
				PRODUCT_NAME = "$(TARGET_NAME)";
				SWIFT_VERSION = 5.0;
				TARGETED_DEVICE_FAMILY = "1,2";
			};
			name = Debug;
		};
		D076E94523422BF7006FF38D /* Release */ = {
			isa = XCBuildConfiguration;
			buildSettings = {
				ASSETCATALOG_COMPILER_APPICON_NAME = AppIcon;
				CODE_SIGN_STYLE = Automatic;
				INFOPLIST_FILE = "$(SRCROOT)/W05a3StoreData/Info.plist";
				LD_RUNPATH_SEARCH_PATHS = (
					"$(inherited)",
					"@executable_path/Frameworks",
				);
				PRODUCT_BUNDLE_IDENTIFIER = ca.sict.W05a1StoreData;
				PRODUCT_NAME = "$(TARGET_NAME)";
				SWIFT_VERSION = 5.0;
				TARGETED_DEVICE_FAMILY = "1,2";
			};
			name = Release;
		};
/* End XCBuildConfiguration section */

/* Begin XCConfigurationList section */
		D076E92C23422BF6006FF38D /* Build configuration list for PBXProject "W05a3StoreData" */ = {
			isa = XCConfigurationList;
			buildConfigurations = (
				D076E94123422BF7006FF38D /* Debug */,
				D076E94223422BF7006FF38D /* Release */,
			);
			defaultConfigurationIsVisible = 0;
			defaultConfigurationName = Release;
		};
		D076E94323422BF7006FF38D /* Build configuration list for PBXNativeTarget "W05a3StoreData" */ = {
			isa = XCConfigurationList;
			buildConfigurations = (
				D076E94423422BF7006FF38D /* Debug */,
				D076E94523422BF7006FF38D /* Release */,
			);
			defaultConfigurationIsVisible = 0;
			defaultConfigurationName = Release;
		};
/* End XCConfigurationList section */
	};
	rootObject = D076E92923422BF5006FF38D /* Project object */;
}
